PODS:
  - MachoHandle (0.2)
  - SnapKit (4.0.1)

DEPENDENCIES:
  - MachoHandle (from `https://github.com/cjsliuj/MachoHandle.git`)
  - SnapKit (~> 4.0.0)

SPEC REPOS:
  "git@code.byted.org:iOS_Library/publicthird_source_repo.git":
    - SnapKit

EXTERNAL SOURCES:
  MachoHandle:
    :git: https://github.com/cjsliuj/MachoHandle.git

CHECKOUT OPTIONS:
  MachoHandle:
    :commit: eade151e803fdb52160752240a46a1e7ffeb0b26
    :git: https://github.com/cjsliuj/MachoHandle.git

SPEC CHECKSUMS:
  MachoHandle: 1d8d9586d7290343a641651683087e4b5f6ddf46
  SnapKit: 24cb44eb22082a69245f019b826dac34edfee158

PODFILE CHECKSUM: e9e3d78c5e36555cc283850e16e507652cdbfffe

COCOAPODS: 1.9.3
